
Microsoft Visual Studio Solution File, Format Version 12.00
# Visual Studio Version 17
VisualStudioVersion = 17.8.34309.116
MinimumVisualStudioVersion = 10.0.40219.1
Project("{8BC9CEB8-8B4A-11D0-8D11-00A0C91BC942}") = "CUDAtest", "CUDAtest\CUDAtest.vcxproj", "{E241AC02-AAC2-4550-8420-E56531E80BC3}"
EndProject
Global
	GlobalSection(SolutionConfigurationPlatforms) = preSolution
		Debug|x64 = Debug|x64
		Release|x64 = Release|x64
	EndGlobalSection
	GlobalSection(ProjectConfigurationPlatforms) = postSolution
		{E241AC02-AAC2-4550-8420-E56531E80BC3}.Debug|x64.ActiveCfg = Debug|x64
		{E241AC02-AAC2-4550-8420-E56531E80BC3}.Debug|x64.Build.0 = Debug|x64
		{E241AC02-AAC2-4550-8420-E56531E80BC3}.Release|x64.ActiveCfg = Release|x64
		{E241AC02-AAC2-4550-8420-E56531E80BC3}.Release|x64.Build.0 = Release|x64
	EndGlobalSection
	GlobalSection(SolutionProperties) = preSolution
		HideSolutionNode = FALSE
	EndGlobalSection
	GlobalSection(ExtensibilityGlobals) = postSolution
		SolutionGuid = {93EB6986-DC0C-4C7E-94BF-739E6FF3464E}
	EndGlobalSection
EndGlobal
